// !$*UTF8*$!
{
	archiveVersion = 1;
	classes = {
	};
	objectVersion = 46;
	objects = {

/* Begin PBXBuildFile section */
		4906A8781884AC7E000FFEE8 /* ADCalendarViewController.m in Sources */ = {isa = PBXBuildFile; fileRef = 4906A8771884AC7E000FFEE8 /* ADCalendarViewController.m */; };
		4945E5251886043E0004CF3C /* Model.xcdatamodeld in Sources */ = {isa = PBXBuildFile; fileRef = 4945E5231886043E0004CF3C /* Model.xcdatamodeld */; };
		4945E5271886054A0004CF3C /* CoreData.framework in Frameworks */ = {isa = PBXBuildFile; fileRef = 4945E5261886054A0004CF3C /* CoreData.framework */; };
		4945E52A1886095C0004CF3C /* ADManagedObjectContext.m in Sources */ = {isa = PBXBuildFile; fileRef = 4945E5291886095C0004CF3C /* ADManagedObjectContext.m */; };
		4950F70E18839B610030AD3E /* Foundation.framework in Frameworks */ = {isa = PBXBuildFile; fileRef = 4950F70D18839B610030AD3E /* Foundation.framework */; };
		4950F71018839B610030AD3E /* CoreGraphics.framework in Frameworks */ = {isa = PBXBuildFile; fileRef = 4950F70F18839B610030AD3E /* CoreGraphics.framework */; };
		4950F71218839B610030AD3E /* UIKit.framework in Frameworks */ = {isa = PBXBuildFile; fileRef = 4950F71118839B610030AD3E /* UIKit.framework */; };
		4950F71818839B610030AD3E /* InfoPlist.strings in Resources */ = {isa = PBXBuildFile; fileRef = 4950F71618839B610030AD3E /* InfoPlist.strings */; };
		4950F71A18839B610030AD3E /* main.m in Sources */ = {isa = PBXBuildFile; fileRef = 4950F71918839B610030AD3E /* main.m */; };
		4950F71E18839B610030AD3E /* ADAppDelegate.m in Sources */ = {isa = PBXBuildFile; fileRef = 4950F71D18839B610030AD3E /* ADAppDelegate.m */; };
		4950F72018839B610030AD3E /* Images.xcassets in Resources */ = {isa = PBXBuildFile; fileRef = 4950F71F18839B610030AD3E /* Images.xcassets */; };
		4950F72718839B610030AD3E /* XCTest.framework in Frameworks */ = {isa = PBXBuildFile; fileRef = 4950F72618839B610030AD3E /* XCTest.framework */; };
		4950F72818839B610030AD3E /* Foundation.framework in Frameworks */ = {isa = PBXBuildFile; fileRef = 4950F70D18839B610030AD3E /* Foundation.framework */; };
		4950F72918839B610030AD3E /* UIKit.framework in Frameworks */ = {isa = PBXBuildFile; fileRef = 4950F71118839B610030AD3E /* UIKit.framework */; };
		4950F73118839B610030AD3E /* InfoPlist.strings in Resources */ = {isa = PBXBuildFile; fileRef = 4950F72F18839B610030AD3E /* InfoPlist.strings */; };
		4950F73318839B610030AD3E /* GoogleCalendarDemoTests.m in Sources */ = {isa = PBXBuildFile; fileRef = 4950F73218839B610030AD3E /* GoogleCalendarDemoTests.m */; };
		AA69CA33C1F447D1890FBA1A /* libPods.a in Frameworks */ = {isa = PBXBuildFile; fileRef = B55AC4177C114FCEA0FE6666 /* libPods.a */; };
/* End PBXBuildFile section */

/* Begin PBXContainerItemProxy section */
		4950F72A18839B610030AD3E /* PBXContainerItemProxy */ = {
			isa = PBXContainerItemProxy;
			containerPortal = 4950F70218839B610030AD3E /* Project object */;
			proxyType = 1;
			remoteGlobalIDString = 4950F70918839B610030AD3E;
			remoteInfo = GoogleCalendarDemo;
		};
/* End PBXContainerItemProxy section */

/* Begin PBXFileReference section */
		4906A8761884AC7E000FFEE8 /* ADCalendarViewController.h */ = {isa = PBXFileReference; fileEncoding = 4; lastKnownFileType = sourcecode.c.h; path = ADCalendarViewController.h; sourceTree = "<group>"; };
		4906A8771884AC7E000FFEE8 /* ADCalendarViewController.m */ = {isa = PBXFileReference; fileEncoding = 4; lastKnownFileType = sourcecode.c.objc; path = ADCalendarViewController.m; sourceTree = "<group>"; };
		4945E5241886043E0004CF3C /* Model.xcdatamodel */ = {isa = PBXFileReference; lastKnownFileType = wrapper.xcdatamodel; path = Model.xcdatamodel; sourceTree = "<group>"; };
		4945E5261886054A0004CF3C /* CoreData.framework */ = {isa = PBXFileReference; lastKnownFileType = wrapper.framework; name = CoreData.framework; path = System/Library/Frameworks/CoreData.framework; sourceTree = SDKROOT; };
		4945E5281886095C0004CF3C /* ADManagedObjectContext.h */ = {isa = PBXFileReference; fileEncoding = 4; lastKnownFileType = sourcecode.c.h; path = ADManagedObjectContext.h; sourceTree = "<group>"; };
		4945E5291886095C0004CF3C /* ADManagedObjectContext.m */ = {isa = PBXFileReference; fileEncoding = 4; lastKnownFileType = sourcecode.c.objc; path = ADManagedObjectContext.m; sourceTree = "<group>"; };
		4950F70A18839B610030AD3E /* GoogleCalendarDemo.app */ = {isa = PBXFileReference; explicitFileType = wrapper.application; includeInIndex = 0; path = GoogleCalendarDemo.app; sourceTree = BUILT_PRODUCTS_DIR; };
		4950F70D18839B610030AD3E /* Foundation.framework */ = {isa = PBXFileReference; lastKnownFileType = wrapper.framework; name = Foundation.framework; path = System/Library/Frameworks/Foundation.framework; sourceTree = SDKROOT; };
		4950F70F18839B610030AD3E /* CoreGraphics.framework */ = {isa = PBXFileReference; lastKnownFileType = wrapper.framework; name = CoreGraphics.framework; path = System/Library/Frameworks/CoreGraphics.framework; sourceTree = SDKROOT; };
		4950F71118839B610030AD3E /* UIKit.framework */ = {isa = PBXFileReference; lastKnownFileType = wrapper.framework; name = UIKit.framework; path = System/Library/Frameworks/UIKit.framework; sourceTree = SDKROOT; };
		4950F71518839B610030AD3E /* GoogleCalendarDemo-Info.plist */ = {isa = PBXFileReference; lastKnownFileType = text.plist.xml; path = "GoogleCalendarDemo-Info.plist"; sourceTree = "<group>"; };
		4950F71718839B610030AD3E /* en */ = {isa = PBXFileReference; lastKnownFileType = text.plist.strings; name = en; path = en.lproj/InfoPlist.strings; sourceTree = "<group>"; };
		4950F71918839B610030AD3E /* main.m */ = {isa = PBXFileReference; lastKnownFileType = sourcecode.c.objc; path = main.m; sourceTree = "<group>"; };
		4950F71B18839B610030AD3E /* GoogleCalendarDemo-Prefix.pch */ = {isa = PBXFileReference; lastKnownFileType = sourcecode.c.h; path = "GoogleCalendarDemo-Prefix.pch"; sourceTree = "<group>"; };
		4950F71C18839B610030AD3E /* ADAppDelegate.h */ = {isa = PBXFileReference; lastKnownFileType = sourcecode.c.h; path = ADAppDelegate.h; sourceTree = "<group>"; };
		4950F71D18839B610030AD3E /* ADAppDelegate.m */ = {isa = PBXFileReference; lastKnownFileType = sourcecode.c.objc; path = ADAppDelegate.m; sourceTree = "<group>"; };
		4950F71F18839B610030AD3E /* Images.xcassets */ = {isa = PBXFileReference; lastKnownFileType = folder.assetcatalog; path = Images.xcassets; sourceTree = "<group>"; };
		4950F72518839B610030AD3E /* GoogleCalendarDemoTests.xctest */ = {isa = PBXFileReference; explicitFileType = wrapper.cfbundle; includeInIndex = 0; path = GoogleCalendarDemoTests.xctest; sourceTree = BUILT_PRODUCTS_DIR; };
		4950F72618839B610030AD3E /* XCTest.framework */ = {isa = PBXFileReference; lastKnownFileType = wrapper.framework; name = XCTest.framework; path = Library/Frameworks/XCTest.framework; sourceTree = DEVELOPER_DIR; };
		4950F72E18839B610030AD3E /* GoogleCalendarDemoTests-Info.plist */ = {isa = PBXFileReference; lastKnownFileType = text.plist.xml; path = "GoogleCalendarDemoTests-Info.plist"; sourceTree = "<group>"; };
		4950F73018839B610030AD3E /* en */ = {isa = PBXFileReference; lastKnownFileType = text.plist.strings; name = en; path = en.lproj/InfoPlist.strings; sourceTree = "<group>"; };
		4950F73218839B610030AD3E /* GoogleCalendarDemoTests.m */ = {isa = PBXFileReference; lastKnownFileType = sourcecode.c.objc; path = GoogleCalendarDemoTests.m; sourceTree = "<group>"; };
		B55AC4177C114FCEA0FE6666 /* libPods.a */ = {isa = PBXFileReference; explicitFileType = archive.ar; includeInIndex = 0; path = libPods.a; sourceTree = BUILT_PRODUCTS_DIR; };
		C2DD7D3F12A7404899E6C768 /* Pods.xcconfig */ = {isa = PBXFileReference; includeInIndex = 1; lastKnownFileType = text.xcconfig; name = Pods.xcconfig; path = Pods/Pods.xcconfig; sourceTree = "<group>"; };
/* End PBXFileReference section */

/* Begin PBXFrameworksBuildPhase section */
		4950F70718839B610030AD3E /* Frameworks */ = {
			isa = PBXFrameworksBuildPhase;
			buildActionMask = 2147483647;
			files = (
				4945E5271886054A0004CF3C /* CoreData.framework in Frameworks */,
				4950F71018839B610030AD3E /* CoreGraphics.framework in Frameworks */,
				4950F71218839B610030AD3E /* UIKit.framework in Frameworks */,
				4950F70E18839B610030AD3E /* Foundation.framework in Frameworks */,
				AA69CA33C1F447D1890FBA1A /* libPods.a in Frameworks */,
			);
			runOnlyForDeploymentPostprocessing = 0;
		};
		4950F72218839B610030AD3E /* Frameworks */ = {
			isa = PBXFrameworksBuildPhase;
			buildActionMask = 2147483647;
			files = (
				4950F72718839B610030AD3E /* XCTest.framework in Frameworks */,
				4950F72918839B610030AD3E /* UIKit.framework in Frameworks */,
				4950F72818839B610030AD3E /* Foundation.framework in Frameworks */,
			);
			runOnlyForDeploymentPostprocessing = 0;
		};
/* End PBXFrameworksBuildPhase section */

/* Begin PBXGroup section */
		4950F70118839B610030AD3E = {
			isa = PBXGroup;
			children = (
				4950F71318839B610030AD3E /* GoogleCalendarDemo */,
				4950F72C18839B610030AD3E /* GoogleCalendarDemoTests */,
				4950F70C18839B610030AD3E /* Frameworks */,
				4950F70B18839B610030AD3E /* Products */,
				C2DD7D3F12A7404899E6C768 /* Pods.xcconfig */,
			);
			sourceTree = "<group>";
		};
		4950F70B18839B610030AD3E /* Products */ = {
			isa = PBXGroup;
			children = (
				4950F70A18839B610030AD3E /* GoogleCalendarDemo.app */,
				4950F72518839B610030AD3E /* GoogleCalendarDemoTests.xctest */,
			);
			name = Products;
			sourceTree = "<group>";
		};
		4950F70C18839B610030AD3E /* Frameworks */ = {
			isa = PBXGroup;
			children = (
				4945E5261886054A0004CF3C /* CoreData.framework */,
				4950F70D18839B610030AD3E /* Foundation.framework */,
				4950F70F18839B610030AD3E /* CoreGraphics.framework */,
				4950F71118839B610030AD3E /* UIKit.framework */,
				4950F72618839B610030AD3E /* XCTest.framework */,
				B55AC4177C114FCEA0FE6666 /* libPods.a */,
			);
			name = Frameworks;
			sourceTree = "<group>";
		};
		4950F71318839B610030AD3E /* GoogleCalendarDemo */ = {
			isa = PBXGroup;
			children = (
				4950F71C18839B610030AD3E /* ADAppDelegate.h */,
				4950F71D18839B610030AD3E /* ADAppDelegate.m */,
				4906A8761884AC7E000FFEE8 /* ADCalendarViewController.h */,
				4906A8771884AC7E000FFEE8 /* ADCalendarViewController.m */,
				4945E5281886095C0004CF3C /* ADManagedObjectContext.h */,
				4945E5291886095C0004CF3C /* ADManagedObjectContext.m */,
				4945E5231886043E0004CF3C /* Model.xcdatamodeld */,
				4950F71F18839B610030AD3E /* Images.xcassets */,
				4950F71418839B610030AD3E /* Supporting Files */,
			);
			path = GoogleCalendarDemo;
			sourceTree = "<group>";
		};
		4950F71418839B610030AD3E /* Supporting Files */ = {
			isa = PBXGroup;
			children = (
				4950F71518839B610030AD3E /* GoogleCalendarDemo-Info.plist */,
				4950F71618839B610030AD3E /* InfoPlist.strings */,
				4950F71918839B610030AD3E /* main.m */,
				4950F71B18839B610030AD3E /* GoogleCalendarDemo-Prefix.pch */,
			);
			name = "Supporting Files";
			sourceTree = "<group>";
		};
		4950F72C18839B610030AD3E /* GoogleCalendarDemoTests */ = {
			isa = PBXGroup;
			children = (
				4950F73218839B610030AD3E /* GoogleCalendarDemoTests.m */,
				4950F72D18839B610030AD3E /* Supporting Files */,
			);
			path = GoogleCalendarDemoTests;
			sourceTree = "<group>";
		};
		4950F72D18839B610030AD3E /* Supporting Files */ = {
			isa = PBXGroup;
			children = (
				4950F72E18839B610030AD3E /* GoogleCalendarDemoTests-Info.plist */,
				4950F72F18839B610030AD3E /* InfoPlist.strings */,
			);
			name = "Supporting Files";
			sourceTree = "<group>";
		};
/* End PBXGroup section */

/* Begin PBXNativeTarget section */
		4950F70918839B610030AD3E /* GoogleCalendarDemo */ = {
			isa = PBXNativeTarget;
			buildConfigurationList = 4950F73618839B610030AD3E /* Build configuration list for PBXNativeTarget "GoogleCalendarDemo" */;
			buildPhases = (
				13AD5982201444F6A10D2387 /* Check Pods Manifest.lock */,
				4950F70618839B610030AD3E /* Sources */,
				4950F70718839B610030AD3E /* Frameworks */,
				4950F70818839B610030AD3E /* Resources */,
				3BD325D9E6D14AC0BC79E285 /* Copy Pods Resources */,
			);
			buildRules = (
			);
			dependencies = (
			);
			name = GoogleCalendarDemo;
			productName = GoogleCalendarDemo;
			productReference = 4950F70A18839B610030AD3E /* GoogleCalendarDemo.app */;
			productType = "com.apple.product-type.application";
		};
		4950F72418839B610030AD3E /* GoogleCalendarDemoTests */ = {
			isa = PBXNativeTarget;
			buildConfigurationList = 4950F73918839B610030AD3E /* Build configuration list for PBXNativeTarget "GoogleCalendarDemoTests" */;
			buildPhases = (
				4950F72118839B610030AD3E /* Sources */,
				4950F72218839B610030AD3E /* Frameworks */,
				4950F72318839B610030AD3E /* Resources */,
			);
			buildRules = (
			);
			dependencies = (
				4950F72B18839B610030AD3E /* PBXTargetDependency */,
			);
			name = GoogleCalendarDemoTests;
			productName = GoogleCalendarDemoTests;
			productReference = 4950F72518839B610030AD3E /* GoogleCalendarDemoTests.xctest */;
			productType = "com.apple.product-type.bundle.unit-test";
		};
/* End PBXNativeTarget section */

/* Begin PBXProject section */
		4950F70218839B610030AD3E /* Project object */ = {
			isa = PBXProject;
			attributes = {
				CLASSPREFIX = AD;
				LastUpgradeCheck = 0500;
				ORGANIZATIONNAME = "Andrew Davis";
				TargetAttributes = {
					4950F72418839B610030AD3E = {
						TestTargetID = 4950F70918839B610030AD3E;
					};
				};
			};
			buildConfigurationList = 4950F70518839B610030AD3E /* Build configuration list for PBXProject "GoogleCalendarDemo" */;
			compatibilityVersion = "Xcode 3.2";
			developmentRegion = English;
			hasScannedForEncodings = 0;
			knownRegions = (
				en,
			);
			mainGroup = 4950F70118839B610030AD3E;
			productRefGroup = 4950F70B18839B610030AD3E /* Products */;
			projectDirPath = "";
			projectRoot = "";
			targets = (
				4950F70918839B610030AD3E /* GoogleCalendarDemo */,
				4950F72418839B610030AD3E /* GoogleCalendarDemoTests */,
			);
		};
/* End PBXProject section */

/* Begin PBXResourcesBuildPhase section */
		4950F70818839B610030AD3E /* Resources */ = {
			isa = PBXResourcesBuildPhase;
			buildActionMask = 2147483647;
			files = (
				4950F71818839B610030AD3E /* InfoPlist.strings in Resources */,
				4950F72018839B610030AD3E /* Images.xcassets in Resources */,
			);
			runOnlyForDeploymentPostprocessing = 0;
		};
		4950F72318839B610030AD3E /* Resources */ = {
			isa = PBXResourcesBuildPhase;
			buildActionMask = 2147483647;
			files = (
				4950F73118839B610030AD3E /* InfoPlist.strings in Resources */,
			);
			runOnlyForDeploymentPostprocessing = 0;
		};
/* End PBXResourcesBuildPhase section */

/* Begin PBXShellScriptBuildPhase section */
		13AD5982201444F6A10D2387 /* Check Pods Manifest.lock */ = {
			isa = PBXShellScriptBuildPhase;
			buildActionMask = 2147483647;
			files = (
			);
			inputPaths = (
			);
			name = "Check Pods Manifest.lock";
			outputPaths = (
			);
			runOnlyForDeploymentPostprocessing = 0;
			shellPath = /bin/sh;
			shellScript = "diff \"${PODS_ROOT}/../Podfile.lock\" \"${PODS_ROOT}/Manifest.lock\" > /dev/null\nif [[ $? != 0 ]] ; then\n    cat << EOM\nerror: The sandbox is not in sync with the Podfile.lock. Run 'pod install' or update your CocoaPods installation.\nEOM\n    exit 1\nfi\n";
			showEnvVarsInLog = 0;
		};
		3BD325D9E6D14AC0BC79E285 /* Copy Pods Resources */ = {
			isa = PBXShellScriptBuildPhase;
			buildActionMask = 2147483647;
			files = (
			);
			inputPaths = (
			);
			name = "Copy Pods Resources";
			outputPaths = (
			);
			runOnlyForDeploymentPostprocessing = 0;
			shellPath = /bin/sh;
			shellScript = "\"${SRCROOT}/Pods/Pods-resources.sh\"\n";
			showEnvVarsInLog = 0;
		};
/* End PBXShellScriptBuildPhase section */

/* Begin PBXSourcesBuildPhase section */
		4950F70618839B610030AD3E /* Sources */ = {
			isa = PBXSourcesBuildPhase;
			buildActionMask = 2147483647;
			files = (
				4945E52A1886095C0004CF3C /* ADManagedObjectContext.m in Sources */,
				4950F71A18839B610030AD3E /* main.m in Sources */,
				4945E5251886043E0004CF3C /* Model.xcdatamodeld in Sources */,
				4950F71E18839B610030AD3E /* ADAppDelegate.m in Sources */,
				4906A8781884AC7E000FFEE8 /* ADCalendarViewController.m in Sources */,
			);
			runOnlyForDeploymentPostprocessing = 0;
		};
		4950F72118839B610030AD3E /* Sources */ = {
			isa = PBXSourcesBuildPhase;
			buildActionMask = 2147483647;
			files = (
				4950F73318839B610030AD3E /* GoogleCalendarDemoTests.m in Sources */,
			);
			runOnlyForDeploymentPostprocessing = 0;
		};
/* End PBXSourcesBuildPhase section */

/* Begin PBXTargetDependency section */
		4950F72B18839B610030AD3E /* PBXTargetDependency */ = {
			isa = PBXTargetDependency;
			target = 4950F70918839B610030AD3E /* GoogleCalendarDemo */;
			targetProxy = 4950F72A18839B610030AD3E /* PBXContainerItemProxy */;
		};
/* End PBXTargetDependency section */

/* Begin PBXVariantGroup section */
		4950F71618839B610030AD3E /* InfoPlist.strings */ = {
			isa = PBXVariantGroup;
			children = (
				4950F71718839B610030AD3E /* en */,
			);
			name = InfoPlist.strings;
			sourceTree = "<group>";
		};
		4950F72F18839B610030AD3E /* InfoPlist.strings */ = {
			isa = PBXVariantGroup;
			children = (
				4950F73018839B610030AD3E /* en */,
			);
			name = InfoPlist.strings;
			sourceTree = "<group>";
		};
/* End PBXVariantGroup section */

/* Begin XCBuildConfiguration section */
		4950F73418839B610030AD3E /* Debug */ = {
			isa = XCBuildConfiguration;
			buildSettings = {
				ALWAYS_SEARCH_USER_PATHS = NO;
				ARCHS = "$(ARCHS_STANDARD_INCLUDING_64_BIT)";
				CLANG_CXX_LANGUAGE_STANDARD = "gnu++0x";
				CLANG_CXX_LIBRARY = "libc++";
				CLANG_ENABLE_MODULES = YES;
				CLANG_ENABLE_OBJC_ARC = YES;
				CLANG_WARN_BOOL_CONVERSION = YES;
				CLANG_WARN_CONSTANT_CONVERSION = YES;
				CLANG_WARN_DIRECT_OBJC_ISA_USAGE = YES_ERROR;
				CLANG_WARN_EMPTY_BODY = YES;
				CLANG_WARN_ENUM_CONVERSION = YES;
				CLANG_WARN_INT_CONVERSION = YES;
				CLANG_WARN_OBJC_ROOT_CLASS = YES_ERROR;
				CLANG_WARN__DUPLICATE_METHOD_MATCH = YES;
				"CODE_SIGN_IDENTITY[sdk=iphoneos*]" = "iPhone Developer";
				COPY_PHASE_STRIP = NO;
				GCC_C_LANGUAGE_STANDARD = gnu99;
				GCC_DYNAMIC_NO_PIC = NO;
				GCC_OPTIMIZATION_LEVEL = 0;
				GCC_PREPROCESSOR_DEFINITIONS = (
					"DEBUG=1",
					"$(inherited)",
				);
				GCC_SYMBOLS_PRIVATE_EXTERN = NO;
				GCC_WARN_64_TO_32_BIT_CONVERSION = YES;
				GCC_WARN_ABOUT_RETURN_TYPE = YES_ERROR;
				GCC_WARN_UNDECLARED_SELECTOR = YES;
				GCC_WARN_UNINITIALIZED_AUTOS = YES;
				GCC_WARN_UNUSED_FUNCTION = YES;
				GCC_WARN_UNUSED_VARIABLE = YES;
				IPHONEOS_DEPLOYMENT_TARGET = 6.0;
				ONLY_ACTIVE_ARCH = YES;
				SDKROOT = iphoneos;
				TARGETED_DEVICE_FAMILY = "1,2";
			};
			name = Debug;
		};
		4950F73518839B610030AD3E /* Release */ = {
			isa = XCBuildConfiguration;
			buildSettings = {
				ALWAYS_SEARCH_USER_PATHS = NO;
				ARCHS = "$(ARCHS_STANDARD_INCLUDING_64_BIT)";
				CLANG_CXX_LANGUAGE_STANDARD = "gnu++0x";
				CLANG_CXX_LIBRARY = "libc++";
				CLANG_ENABLE_MODULES = YES;
				CLANG_ENABLE_OBJC_ARC = YES;
				CLANG_WARN_BOOL_CONVERSION = YES;
				CLANG_WARN_CONSTANT_CONVERSION = YES;
				CLANG_WARN_DIRECT_OBJC_ISA_USAGE = YES_ERROR;
				CLANG_WARN_EMPTY_BODY = YES;
				CLANG_WARN_ENUM_CONVERSION = YES;
				CLANG_WARN_INT_CONVERSION = YES;
				CLANG_WARN_OBJC_ROOT_CLASS = YES_ERROR;
				CLANG_WARN__DUPLICATE_METHOD_MATCH = YES;
				"CODE_SIGN_IDENTITY[sdk=iphoneos*]" = "iPhone Developer";
				COPY_PHASE_STRIP = YES;
				ENABLE_NS_ASSERTIONS = NO;
				GCC_C_LANGUAGE_STANDARD = gnu99;
				GCC_WARN_64_TO_32_BIT_CONVERSION = YES;
				GCC_WARN_ABOUT_RETURN_TYPE = YES_ERROR;
				GCC_WARN_UNDECLARED_SELECTOR = YES;
				GCC_WARN_UNINITIALIZED_AUTOS = YES;
				GCC_WARN_UNUSED_FUNCTION = YES;
				GCC_WARN_UNUSED_VARIABLE = YES;
				IPHONEOS_DEPLOYMENT_TARGET = 6.0;
				SDKROOT = iphoneos;
				TARGETED_DEVICE_FAMILY = "1,2";
				VALIDATE_PRODUCT = YES;
			};
			name = Release;
		};
		4950F73718839B610030AD3E /* Debug */ = {
			isa = XCBuildConfiguration;
			baseConfigurationReference = C2DD7D3F12A7404899E6C768 /* Pods.xcconfig */;
			buildSettings = {
				ASSETCATALOG_COMPILER_APPICON_NAME = AppIcon;
				ASSETCATALOG_COMPILER_LAUNCHIMAGE_NAME = LaunchImage;
				GCC_PRECOMPILE_PREFIX_HEADER = YES;
				GCC_PREFIX_HEADER = "GoogleCalendarDemo/GoogleCalendarDemo-Prefix.pch";
				INFOPLIST_FILE = "GoogleCalendarDemo/GoogleCalendarDemo-Info.plist";
				PRODUCT_NAME = "$(TARGET_NAME)";
				WRAPPER_EXTENSION = app;
			};
			name = Debug;
		};
		4950F73818839B610030AD3E /* Release */ = {
			isa = XCBuildConfiguration;
			baseConfigurationReference = C2DD7D3F12A7404899E6C768 /* Pods.xcconfig */;
			buildSettings = {
				ASSETCATALOG_COMPILER_APPICON_NAME = AppIcon;
				ASSETCATALOG_COMPILER_LAUNCHIMAGE_NAME = LaunchImage;
				GCC_PRECOMPILE_PREFIX_HEADER = YES;
				GCC_PREFIX_HEADER = "GoogleCalendarDemo/GoogleCalendarDemo-Prefix.pch";
				INFOPLIST_FILE = "GoogleCalendarDemo/GoogleCalendarDemo-Info.plist";
				PRODUCT_NAME = "$(TARGET_NAME)";
				WRAPPER_EXTENSION = app;
			};
			name = Release;
		};
		4950F73A18839B610030AD3E /* Debug */ = {
			isa = XCBuildConfiguration;
			buildSettings = {
				ARCHS = "$(ARCHS_STANDARD_INCLUDING_64_BIT)";
				BUNDLE_LOADER = "$(BUILT_PRODUCTS_DIR)/GoogleCalendarDemo.app/GoogleCalendarDemo";
				FRAMEWORK_SEARCH_PATHS = (
					"$(SDKROOT)/Developer/Library/Frameworks",
					"$(inherited)",
					"$(DEVELOPER_FRAMEWORKS_DIR)",
				);
				GCC_PRECOMPILE_PREFIX_HEADER = YES;
				GCC_PREFIX_HEADER = "GoogleCalendarDemo/GoogleCalendarDemo-Prefix.pch";
				GCC_PREPROCESSOR_DEFINITIONS = (
					"DEBUG=1",
					"$(inherited)",
				);
				INFOPLIST_FILE = "GoogleCalendarDemoTests/GoogleCalendarDemoTests-Info.plist";
				PRODUCT_NAME = "$(TARGET_NAME)";
				TEST_HOST = "$(BUNDLE_LOADER)";
				WRAPPER_EXTENSION = xctest;
			};
			name = Debug;
		};
		4950F73B18839B610030AD3E /* Release */ = {
			isa = XCBuildConfiguration;
			buildSettings = {
				ARCHS = "$(ARCHS_STANDARD_INCLUDING_64_BIT)";
				BUNDLE_LOADER = "$(BUILT_PRODUCTS_DIR)/GoogleCalendarDemo.app/GoogleCalendarDemo";
				FRAMEWORK_SEARCH_PATHS = (
					"$(SDKROOT)/Developer/Library/Frameworks",
					"$(inherited)",
					"$(DEVELOPER_FRAMEWORKS_DIR)",
				);
				GCC_PRECOMPILE_PREFIX_HEADER = YES;
				GCC_PREFIX_HEADER = "GoogleCalendarDemo/GoogleCalendarDemo-Prefix.pch";
				INFOPLIST_FILE = "GoogleCalendarDemoTests/GoogleCalendarDemoTests-Info.plist";
				PRODUCT_NAME = "$(TARGET_NAME)";
				TEST_HOST = "$(BUNDLE_LOADER)";
				WRAPPER_EXTENSION = xctest;
			};
			name = Release;
		};
/* End XCBuildConfiguration section */

/* Begin XCConfigurationList section */
		4950F70518839B610030AD3E /* Build configuration list for PBXProject "GoogleCalendarDemo" */ = {
			isa = XCConfigurationList;
			buildConfigurations = (
				4950F73418839B610030AD3E /* Debug */,
				4950F73518839B610030AD3E /* Release */,
			);
			defaultConfigurationIsVisible = 0;
			defaultConfigurationName = Release;
		};
		4950F73618839B610030AD3E /* Build configuration list for PBXNativeTarget "GoogleCalendarDemo" */ = {
			isa = XCConfigurationList;
			buildConfigurations = (
				4950F73718839B610030AD3E /* Debug */,
				4950F73818839B610030AD3E /* Release */,
			);
			defaultConfigurationIsVisible = 0;
			defaultConfigurationName = Release;
		};
		4950F73918839B610030AD3E /* Build configuration list for PBXNativeTarget "GoogleCalendarDemoTests" */ = {
			isa = XCConfigurationList;
			buildConfigurations = (
				4950F73A18839B610030AD3E /* Debug */,
				4950F73B18839B610030AD3E /* Release */,
			);
			defaultConfigurationIsVisible = 0;
			defaultConfigurationName = Release;
		};
/* End XCConfigurationList section */

/* Begin XCVersionGroup section */
		4945E5231886043E0004CF3C /* Model.xcdatamodeld */ = {
			isa = XCVersionGroup;
			children = (
				4945E5241886043E0004CF3C /* Model.xcdatamodel */,
			);
			currentVersion = 4945E5241886043E0004CF3C /* Model.xcdatamodel */;
			path = Model.xcdatamodeld;
			sourceTree = "<group>";
			versionGroupType = wrapper.xcdatamodel;
		};
/* End XCVersionGroup section */
	};
	rootObject = 4950F70218839B610030AD3E /* Project object */;
}
